
Microsoft Visual Studio Solution File, Format Version 12.00
# Visual Studio 14
VisualStudioVersion = 14.0.25420.1
MinimumVisualStudioVersion = 10.0.40219.1
Project("{FAE04EC0-301F-11D3-BF4B-00C04F79EFBC}") = "IW5-project", "IW5-project.csproj", "{093A9977-2F32-4188-844B-BDF816C7F7D5}"
EndProject
Project("{FAE04EC0-301F-11D3-BF4B-00C04F79EFBC}") = "TestingDemo", "TestingDemo\TestingDemo.csproj", "{F524B715-7558-4F8F-B3CD-2FB226FED3B4}"
EndProject
Global
	GlobalSection(SolutionConfigurationPlatforms) = preSolution
		Debug|Any CPU = Debug|Any CPU
		Debug|x64 = Debug|x64
		Release|Any CPU = Release|Any CPU
		Release|x64 = Release|x64
	EndGlobalSection
	GlobalSection(ProjectConfigurationPlatforms) = postSolution
		{093A9977-2F32-4188-844B-BDF816C7F7D5}.Debug|Any CPU.ActiveCfg = Debug|Any CPU
		{093A9977-2F32-4188-844B-BDF816C7F7D5}.Debug|Any CPU.Build.0 = Debug|Any CPU
		{093A9977-2F32-4188-844B-BDF816C7F7D5}.Debug|x64.ActiveCfg = Debug|Any CPU
		{093A9977-2F32-4188-844B-BDF816C7F7D5}.Debug|x64.Build.0 = Debug|Any CPU
		{093A9977-2F32-4188-844B-BDF816C7F7D5}.Release|Any CPU.ActiveCfg = Release|Any CPU
		{093A9977-2F32-4188-844B-BDF816C7F7D5}.Release|Any CPU.Build.0 = Release|Any CPU
		{093A9977-2F32-4188-844B-BDF816C7F7D5}.Release|x64.ActiveCfg = Release|Any CPU
		{093A9977-2F32-4188-844B-BDF816C7F7D5}.Release|x64.Build.0 = Release|Any CPU
		{F524B715-7558-4F8F-B3CD-2FB226FED3B4}.Debug|Any CPU.ActiveCfg = Debug|Any CPU
		{F524B715-7558-4F8F-B3CD-2FB226FED3B4}.Debug|Any CPU.Build.0 = Debug|Any CPU
		{F524B715-7558-4F8F-B3CD-2FB226FED3B4}.Debug|x64.ActiveCfg = Debug|Any CPU
		{F524B715-7558-4F8F-B3CD-2FB226FED3B4}.Debug|x64.Build.0 = Debug|Any CPU
		{F524B715-7558-4F8F-B3CD-2FB226FED3B4}.Release|Any CPU.ActiveCfg = Release|Any CPU
		{F524B715-7558-4F8F-B3CD-2FB226FED3B4}.Release|Any CPU.Build.0 = Release|Any CPU
		{F524B715-7558-4F8F-B3CD-2FB226FED3B4}.Release|x64.ActiveCfg = Release|Any CPU
		{F524B715-7558-4F8F-B3CD-2FB226FED3B4}.Release|x64.Build.0 = Release|Any CPU
	EndGlobalSection
	GlobalSection(SolutionProperties) = preSolution
		HideSolutionNode = FALSE
	EndGlobalSection
EndGlobal
